
Microsoft Visual Studio Solution File, Format Version 12.00
# Visual Studio 2012
Project("{2150E333-8FDC-42A3-9474-1A3956D46DE8}") = ".nuget", ".nuget", "{9E0F1DB3-CBA9-4912-8B11-C00A93D96F55}"
	ProjectSection(SolutionItems) = preProject
		.nuget\packages.config = .nuget\packages.config
	EndProjectSection
EndProject
Project("{FAE04EC0-301F-11D3-BF4B-00C04F79EFBC}") = "PosMvc", "PosMvc\PosMvc.csproj", "{D6594D4A-E7AE-4BFC-AB6C-91A545006C61}"
EndProject
Project("{FAE04EC0-301F-11D3-BF4B-00C04F79EFBC}") = "PosMvc.Tests", "PosMvc.Tests\PosMvc.Tests.csproj", "{C60F39E4-7A11-445A-A4D9-2C9A1B13CEF9}"
EndProject
Global
	GlobalSection(SolutionConfigurationPlatforms) = preSolution
		Debug|Any CPU = Debug|Any CPU
		Release|Any CPU = Release|Any CPU
	EndGlobalSection
	GlobalSection(ProjectConfigurationPlatforms) = postSolution
		{D6594D4A-E7AE-4BFC-AB6C-91A545006C61}.Debug|Any CPU.ActiveCfg = Debug|Any CPU
		{D6594D4A-E7AE-4BFC-AB6C-91A545006C61}.Debug|Any CPU.Build.0 = Debug|Any CPU
		{D6594D4A-E7AE-4BFC-AB6C-91A545006C61}.Release|Any CPU.ActiveCfg = Release|Any CPU
		{D6594D4A-E7AE-4BFC-AB6C-91A545006C61}.Release|Any CPU.Build.0 = Release|Any CPU
		{C60F39E4-7A11-445A-A4D9-2C9A1B13CEF9}.Debug|Any CPU.ActiveCfg = Debug|Any CPU
		{C60F39E4-7A11-445A-A4D9-2C9A1B13CEF9}.Debug|Any CPU.Build.0 = Debug|Any CPU
		{C60F39E4-7A11-445A-A4D9-2C9A1B13CEF9}.Release|Any CPU.ActiveCfg = Release|Any CPU
		{C60F39E4-7A11-445A-A4D9-2C9A1B13CEF9}.Release|Any CPU.Build.0 = Release|Any CPU
	EndGlobalSection
	GlobalSection(SolutionProperties) = preSolution
		HideSolutionNode = FALSE
	EndGlobalSection
EndGlobal
