
Microsoft Visual Studio Solution File, Format Version 12.00
# Visual Studio 2012
Project("{FAE04EC0-301F-11D3-BF4B-00C04F79EFBC}") = "PosWPF", "PosWPF\PosWPF.csproj", "{072E4687-FB43-4A3D-A4EB-B833D3AD5E25}"
EndProject
Project("{FAE04EC0-301F-11D3-BF4B-00C04F79EFBC}") = "HiTea.Pos", "HiTea.Pos\HiTea.Pos.csproj", "{A706A593-DAAB-4383-AB12-FBF15956FB55}"
EndProject
Project("{00D1A9C2-B5F0-4AF3-8072-F6C62B433612}") = "HiTea.Pos.Sql", "HiTea.Pos.Sql\HiTea.Pos.Sql.sqlproj", "{4A26FCF4-B527-4BB4-9F6D-B147516DD74F}"
EndProject
Project("{2150E333-8FDC-42A3-9474-1A3956D46DE8}") = ".nuget", ".nuget", "{9E0F1DB3-CBA9-4912-8B11-C00A93D96F55}"
	ProjectSection(SolutionItems) = preProject
		.nuget\packages.config = .nuget\packages.config
	EndProjectSection
EndProject
Project("{FAE04EC0-301F-11D3-BF4B-00C04F79EFBC}") = "HiTea.Pos.NUnit", "HiTea.Pos.NUnit\HiTea.Pos.NUnit.csproj", "{8EFBC73E-39EC-4100-93F9-B70990600B6B}"
EndProject
Project("{FAE04EC0-301F-11D3-BF4B-00C04F79EFBC}") = "PosWeb", "PosWeb\PosWeb.csproj", "{4F1CD821-2A7C-407E-9A3F-99E597CE0A50}"
EndProject
Project("{FAE04EC0-301F-11D3-BF4B-00C04F79EFBC}") = "PosMvc", "PosMvc\PosMvc.csproj", "{452E9CB6-1E6A-42DA-A249-179F83DE7008}"
EndProject
Project("{FAE04EC0-301F-11D3-BF4B-00C04F79EFBC}") = "PosMvc.Tests", "PosMvc.Tests\PosMvc.Tests.csproj", "{2E766355-6B49-4E9A-84A3-BA73865D3C2C}"
EndProject
Global
	GlobalSection(SolutionConfigurationPlatforms) = preSolution
		Debug|Any CPU = Debug|Any CPU
		Release|Any CPU = Release|Any CPU
	EndGlobalSection
	GlobalSection(ProjectConfigurationPlatforms) = postSolution
		{072E4687-FB43-4A3D-A4EB-B833D3AD5E25}.Debug|Any CPU.ActiveCfg = Debug|Any CPU
		{072E4687-FB43-4A3D-A4EB-B833D3AD5E25}.Release|Any CPU.ActiveCfg = Release|Any CPU
		{072E4687-FB43-4A3D-A4EB-B833D3AD5E25}.Release|Any CPU.Build.0 = Release|Any CPU
		{A706A593-DAAB-4383-AB12-FBF15956FB55}.Debug|Any CPU.ActiveCfg = Debug|Any CPU
		{A706A593-DAAB-4383-AB12-FBF15956FB55}.Release|Any CPU.ActiveCfg = Release|Any CPU
		{A706A593-DAAB-4383-AB12-FBF15956FB55}.Release|Any CPU.Build.0 = Release|Any CPU
		{4A26FCF4-B527-4BB4-9F6D-B147516DD74F}.Debug|Any CPU.ActiveCfg = Debug|Any CPU
		{4A26FCF4-B527-4BB4-9F6D-B147516DD74F}.Release|Any CPU.ActiveCfg = Release|Any CPU
		{4A26FCF4-B527-4BB4-9F6D-B147516DD74F}.Release|Any CPU.Build.0 = Release|Any CPU
		{4A26FCF4-B527-4BB4-9F6D-B147516DD74F}.Release|Any CPU.Deploy.0 = Release|Any CPU
		{8EFBC73E-39EC-4100-93F9-B70990600B6B}.Debug|Any CPU.ActiveCfg = Debug|Any CPU
		{8EFBC73E-39EC-4100-93F9-B70990600B6B}.Release|Any CPU.ActiveCfg = Release|Any CPU
		{8EFBC73E-39EC-4100-93F9-B70990600B6B}.Release|Any CPU.Build.0 = Release|Any CPU
		{4F1CD821-2A7C-407E-9A3F-99E597CE0A50}.Debug|Any CPU.ActiveCfg = Debug|Any CPU
		{4F1CD821-2A7C-407E-9A3F-99E597CE0A50}.Release|Any CPU.ActiveCfg = Release|Any CPU
		{4F1CD821-2A7C-407E-9A3F-99E597CE0A50}.Release|Any CPU.Build.0 = Release|Any CPU
		{452E9CB6-1E6A-42DA-A249-179F83DE7008}.Debug|Any CPU.ActiveCfg = Debug|Any CPU
		{452E9CB6-1E6A-42DA-A249-179F83DE7008}.Debug|Any CPU.Build.0 = Debug|Any CPU
		{452E9CB6-1E6A-42DA-A249-179F83DE7008}.Release|Any CPU.ActiveCfg = Release|Any CPU
		{452E9CB6-1E6A-42DA-A249-179F83DE7008}.Release|Any CPU.Build.0 = Release|Any CPU
		{2E766355-6B49-4E9A-84A3-BA73865D3C2C}.Debug|Any CPU.ActiveCfg = Debug|Any CPU
		{2E766355-6B49-4E9A-84A3-BA73865D3C2C}.Debug|Any CPU.Build.0 = Debug|Any CPU
		{2E766355-6B49-4E9A-84A3-BA73865D3C2C}.Release|Any CPU.ActiveCfg = Release|Any CPU
		{2E766355-6B49-4E9A-84A3-BA73865D3C2C}.Release|Any CPU.Build.0 = Release|Any CPU
	EndGlobalSection
	GlobalSection(SolutionProperties) = preSolution
		HideSolutionNode = FALSE
	EndGlobalSection
EndGlobal
